
Microsoft Visual Studio Solution File, Format Version 12.00
# Visual Studio Version 17
VisualStudioVersion = 17.5.002.0
MinimumVisualStudioVersion = 10.0.40219.1
Project("{9A19103F-16F7-4668-BE54-9A1E7A4F7556}") = "MiniProjectSCRUM", "MiniProjectSCRUM.csproj", "{0CB5CF0F-7657-40F0-B1F1-5FD4650E4FBB}"
EndProject
Global
	GlobalSection(SolutionConfigurationPlatforms) = preSolution
		Debug|Any CPU = Debug|Any CPU
		Release|Any CPU = Release|Any CPU
	EndGlobalSection
	GlobalSection(ProjectConfigurationPlatforms) = postSolution
		{0CB5CF0F-7657-40F0-B1F1-5FD4650E4FBB}.Debug|Any CPU.ActiveCfg = Debug|Any CPU
		{0CB5CF0F-7657-40F0-B1F1-5FD4650E4FBB}.Debug|Any CPU.Build.0 = Debug|Any CPU
		{0CB5CF0F-7657-40F0-B1F1-5FD4650E4FBB}.Release|Any CPU.ActiveCfg = Release|Any CPU
		{0CB5CF0F-7657-40F0-B1F1-5FD4650E4FBB}.Release|Any CPU.Build.0 = Release|Any CPU
	EndGlobalSection
	GlobalSection(SolutionProperties) = preSolution
		HideSolutionNode = FALSE
	EndGlobalSection
	GlobalSection(ExtensibilityGlobals) = postSolution
		SolutionGuid = {D171A7D1-F08B-4844-B77C-0CECCCA8D4F3}
	EndGlobalSection
EndGlobal
